// !$*UTF8*$!
{
	archiveVersion = 1;
	classes = {
	};
	objectVersion = 46;
	objects = {

/* Begin PBXBuildFile section */
		715F5026152B423A007B6048 /* UIKit.framework in Frameworks */ = {isa = PBXBuildFile; fileRef = 715F5025152B423A007B6048 /* UIKit.framework */; };
		715F5028152B423A007B6048 /* Foundation.framework in Frameworks */ = {isa = PBXBuildFile; fileRef = 715F5027152B423A007B6048 /* Foundation.framework */; };
		715F502A152B423A007B6048 /* CoreGraphics.framework in Frameworks */ = {isa = PBXBuildFile; fileRef = 715F5029152B423A007B6048 /* CoreGraphics.framework */; };
		715F5030152B423A007B6048 /* InfoPlist.strings in Resources */ = {isa = PBXBuildFile; fileRef = 715F502E152B423A007B6048 /* InfoPlist.strings */; };
		715F5032152B423A007B6048 /* main.m in Sources */ = {isa = PBXBuildFile; fileRef = 715F5031152B423A007B6048 /* main.m */; };
		715F5036152B423A007B6048 /* AppDelegate.m in Sources */ = {isa = PBXBuildFile; fileRef = 715F5035152B423A007B6048 /* AppDelegate.m */; };
		715F5039152B423A007B6048 /* ViewController.m in Sources */ = {isa = PBXBuildFile; fileRef = 715F5038152B423A007B6048 /* ViewController.m */; };
		715F503C152B423A007B6048 /* ViewController.xib in Resources */ = {isa = PBXBuildFile; fileRef = 715F503A152B423A007B6048 /* ViewController.xib */; };
/* End PBXBuildFile section */

/* Begin PBXFileReference section */
		715F5021152B423A007B6048 /* DemoWithGit.app */ = {isa = PBXFileReference; explicitFileType = wrapper.application; includeInIndex = 0; path = DemoWithGit.app; sourceTree = BUILT_PRODUCTS_DIR; };
		715F5025152B423A007B6048 /* UIKit.framework */ = {isa = PBXFileReference; lastKnownFileType = wrapper.framework; name = UIKit.framework; path = System/Library/Frameworks/UIKit.framework; sourceTree = SDKROOT; };
		715F5027152B423A007B6048 /* Foundation.framework */ = {isa = PBXFileReference; lastKnownFileType = wrapper.framework; name = Foundation.framework; path = System/Library/Frameworks/Foundation.framework; sourceTree = SDKROOT; };
		715F5029152B423A007B6048 /* CoreGraphics.framework */ = {isa = PBXFileReference; lastKnownFileType = wrapper.framework; name = CoreGraphics.framework; path = System/Library/Frameworks/CoreGraphics.framework; sourceTree = SDKROOT; };
		715F502D152B423A007B6048 /* DemoWithGit-Info.plist */ = {isa = PBXFileReference; path = "DemoWithGit-Info.plist"; sourceTree = "<group>"; };
		715F502F152B423A007B6048 /* en */ = {isa = PBXFileReference; lastKnownFileType = text.plist.strings; name = en; path = en.lproj/InfoPlist.strings; sourceTree = "<group>"; };
		715F5031152B423A007B6048 /* main.m */ = {isa = PBXFileReference; lastKnownFileType = sourcecode.c.objc; path = main.m; sourceTree = "<group>"; };
		715F5033152B423A007B6048 /* DemoWithGit-Prefix.pch */ = {isa = PBXFileReference; path = "DemoWithGit-Prefix.pch"; sourceTree = "<group>"; };
		715F5034152B423A007B6048 /* AppDelegate.h */ = {isa = PBXFileReference; path = AppDelegate.h; sourceTree = "<group>"; };
		715F5035152B423A007B6048 /* AppDelegate.m */ = {isa = PBXFileReference; lastKnownFileType = sourcecode.c.objc; path = AppDelegate.m; sourceTree = "<group>"; };
		715F5037152B423A007B6048 /* ViewController.h */ = {isa = PBXFileReference; path = ViewController.h; sourceTree = "<group>"; };
		715F5038152B423A007B6048 /* ViewController.m */ = {isa = PBXFileReference; lastKnownFileType = sourcecode.c.objc; path = ViewController.m; sourceTree = "<group>"; };
		715F503B152B423A007B6048 /* en */ = {isa = PBXFileReference; lastKnownFileType = file.xib; name = en; path = en.lproj/ViewController.xib; sourceTree = "<group>"; };
/* End PBXFileReference section */

/* Begin PBXFrameworksBuildPhase section */
		715F501E152B423A007B6048 /* Frameworks */ = {
			isa = PBXFrameworksBuildPhase;
			buildActionMask = 2147483647;
			files = (
				715F5026152B423A007B6048 /* UIKit.framework in Frameworks */,
				715F5028152B423A007B6048 /* Foundation.framework in Frameworks */,
				715F502A152B423A007B6048 /* CoreGraphics.framework in Frameworks */,
			);
			runOnlyForDeploymentPostprocessing = 0;
		};
/* End PBXFrameworksBuildPhase section */

/* Begin PBXGroup section */
		715F5016152B4238007B6048 = {
			isa = PBXGroup;
			children = (
				715F502B152B423A007B6048 /* DemoWithGit */,
				715F5024152B423A007B6048 /* Frameworks */,
				715F5022152B423A007B6048 /* Products */,
			);
			sourceTree = "<group>";
		};
		715F5022152B423A007B6048 /* Products */ = {
			isa = PBXGroup;
			children = (
				715F5021152B423A007B6048 /* DemoWithGit.app */,
			);
			name = Products;
			sourceTree = "<group>";
		};
		715F5024152B423A007B6048 /* Frameworks */ = {
			isa = PBXGroup;
			children = (
				715F5025152B423A007B6048 /* UIKit.framework */,
				715F5027152B423A007B6048 /* Foundation.framework */,
				715F5029152B423A007B6048 /* CoreGraphics.framework */,
			);
			name = Frameworks;
			sourceTree = "<group>";
		};
		715F502B152B423A007B6048 /* DemoWithGit */ = {
			isa = PBXGroup;
			children = (
				715F5034152B423A007B6048 /* AppDelegate.h */,
				715F5035152B423A007B6048 /* AppDelegate.m */,
				715F5037152B423A007B6048 /* ViewController.h */,
				715F5038152B423A007B6048 /* ViewController.m */,
				715F503A152B423A007B6048 /* ViewController.xib */,
				715F502C152B423A007B6048 /* Supporting Files */,
			);
			path = DemoWithGit;
			sourceTree = "<group>";
		};
		715F502C152B423A007B6048 /* Supporting Files */ = {
			isa = PBXGroup;
			children = (
				715F502D152B423A007B6048 /* DemoWithGit-Info.plist */,
				715F502E152B423A007B6048 /* InfoPlist.strings */,
				715F5031152B423A007B6048 /* main.m */,
				715F5033152B423A007B6048 /* DemoWithGit-Prefix.pch */,
			);
			name = "Supporting Files";
			sourceTree = "<group>";
		};
/* End PBXGroup section */

/* Begin PBXNativeTarget section */
		715F5020152B423A007B6048 /* DemoWithGit */ = {
			isa = PBXNativeTarget;
			buildConfigurationList = 715F503F152B423A007B6048 /* Build configuration list for PBXNativeTarget "DemoWithGit" */;
			buildPhases = (
				715F501D152B423A007B6048 /* Sources */,
				715F501E152B423A007B6048 /* Frameworks */,
				715F501F152B423A007B6048 /* Resources */,
			);
			buildRules = (
			);
			dependencies = (
			);
			name = DemoWithGit;
			productName = DemoWithGit;
			productReference = 715F5021152B423A007B6048 /* DemoWithGit.app */;
			productType = "com.apple.product-type.application";
		};
/* End PBXNativeTarget section */

/* Begin PBXProject section */
		715F5018152B4238007B6048 /* Project object */ = {
			isa = PBXProject;
			attributes = {
				LastUpgradeCheck = 0440;
			};
			buildConfigurationList = 715F501B152B4238007B6048 /* Build configuration list for PBXProject "DemoWithGit" */;
			compatibilityVersion = "Xcode 3.2";
			developmentRegion = English;
			hasScannedForEncodings = 0;
			knownRegions = (
				en,
			);
			mainGroup = 715F5016152B4238007B6048;
			productRefGroup = 715F5022152B423A007B6048 /* Products */;
			projectDirPath = "";
			projectRoot = "";
			targets = (
				715F5020152B423A007B6048 /* DemoWithGit */,
			);
		};
/* End PBXProject section */

/* Begin PBXResourcesBuildPhase section */
		715F501F152B423A007B6048 /* Resources */ = {
			isa = PBXResourcesBuildPhase;
			buildActionMask = 2147483647;
			files = (
				715F5030152B423A007B6048 /* InfoPlist.strings in Resources */,
				715F503C152B423A007B6048 /* ViewController.xib in Resources */,
			);
			runOnlyForDeploymentPostprocessing = 0;
		};
/* End PBXResourcesBuildPhase section */

/* Begin PBXSourcesBuildPhase section */
		715F501D152B423A007B6048 /* Sources */ = {
			isa = PBXSourcesBuildPhase;
			buildActionMask = 2147483647;
			files = (
				715F5032152B423A007B6048 /* main.m in Sources */,
				715F5036152B423A007B6048 /* AppDelegate.m in Sources */,
				715F5039152B423A007B6048 /* ViewController.m in Sources */,
			);
			runOnlyForDeploymentPostprocessing = 0;
		};
/* End PBXSourcesBuildPhase section */

/* Begin PBXVariantGroup section */
		715F502E152B423A007B6048 /* InfoPlist.strings */ = {
			isa = PBXVariantGroup;
			children = (
				715F502F152B423A007B6048 /* en */,
			);
			name = InfoPlist.strings;
			sourceTree = "<group>";
		};
		715F503A152B423A007B6048 /* ViewController.xib */ = {
			isa = PBXVariantGroup;
			children = (
				715F503B152B423A007B6048 /* en */,
			);
			name = ViewController.xib;
			sourceTree = "<group>";
		};
/* End PBXVariantGroup section */

/* Begin XCBuildConfiguration section */
		715F503D152B423A007B6048 /* Debug */ = {
			isa = XCBuildConfiguration;
			buildSettings = {
				ALWAYS_SEARCH_USER_PATHS = NO;
				ARCHS = "$(ARCHS_STANDARD_32_BIT)";
				"CODE_SIGN_IDENTITY[sdk=iphoneos*]" = "iPhone Developer";
				COPY_PHASE_STRIP = NO;
				GCC_C_LANGUAGE_STANDARD = gnu99;
				GCC_DYNAMIC_NO_PIC = NO;
				GCC_OPTIMIZATION_LEVEL = 0;
				GCC_PREPROCESSOR_DEFINITIONS = (
					"DEBUG=1",
					"$(inherited)",
				);
				GCC_SYMBOLS_PRIVATE_EXTERN = NO;
				GCC_VERSION = com.apple.compilers.llvm.clang.1_0;
				GCC_WARN_ABOUT_RETURN_TYPE = YES;
				GCC_WARN_UNINITIALIZED_AUTOS = YES;
				GCC_WARN_UNUSED_VARIABLE = YES;
				IPHONEOS_DEPLOYMENT_TARGET = 5.0;
				SDKROOT = iphoneos;
			};
			name = Debug;
		};
		715F503E152B423A007B6048 /* Release */ = {
			isa = XCBuildConfiguration;
			buildSettings = {
				ALWAYS_SEARCH_USER_PATHS = NO;
				ARCHS = "$(ARCHS_STANDARD_32_BIT)";
				"CODE_SIGN_IDENTITY[sdk=iphoneos*]" = "iPhone Developer";
				COPY_PHASE_STRIP = YES;
				GCC_C_LANGUAGE_STANDARD = gnu99;
				GCC_VERSION = com.apple.compilers.llvm.clang.1_0;
				GCC_WARN_ABOUT_RETURN_TYPE = YES;
				GCC_WARN_UNINITIALIZED_AUTOS = YES;
				GCC_WARN_UNUSED_VARIABLE = YES;
				IPHONEOS_DEPLOYMENT_TARGET = 5.0;
				OTHER_CFLAGS = "-DNS_BLOCK_ASSERTIONS=1";
				SDKROOT = iphoneos;
				VALIDATE_PRODUCT = YES;
			};
			name = Release;
		};
		715F5040152B423A007B6048 /* Debug */ = {
			isa = XCBuildConfiguration;
			buildSettings = {
				GCC_PRECOMPILE_PREFIX_HEADER = YES;
				GCC_PREFIX_HEADER = "DemoWithGit/DemoWithGit-Prefix.pch";
				INFOPLIST_FILE = "DemoWithGit/DemoWithGit-Info.plist";
				PRODUCT_NAME = "$(TARGET_NAME)";
				WRAPPER_EXTENSION = app;
			};
			name = Debug;
		};
		715F5041152B423A007B6048 /* Release */ = {
			isa = XCBuildConfiguration;
			buildSettings = {
				GCC_PRECOMPILE_PREFIX_HEADER = YES;
				GCC_PREFIX_HEADER = "DemoWithGit/DemoWithGit-Prefix.pch";
				INFOPLIST_FILE = "DemoWithGit/DemoWithGit-Info.plist";
				PRODUCT_NAME = "$(TARGET_NAME)";
				WRAPPER_EXTENSION = app;
			};
			name = Release;
		};
/* End XCBuildConfiguration section */

/* Begin XCConfigurationList section */
		715F501B152B4238007B6048 /* Build configuration list for PBXProject "DemoWithGit" */ = {
			isa = XCConfigurationList;
			buildConfigurations = (
				715F503D152B423A007B6048 /* Debug */,
				715F503E152B423A007B6048 /* Release */,
			);
			defaultConfigurationIsVisible = 0;
			defaultConfigurationName = Release;
		};
		715F503F152B423A007B6048 /* Build configuration list for PBXNativeTarget "DemoWithGit" */ = {
			isa = XCConfigurationList;
			buildConfigurations = (
				715F5040152B423A007B6048 /* Debug */,
				715F5041152B423A007B6048 /* Release */,
			);
			defaultConfigurationIsVisible = 0;
		};
/* End XCConfigurationList section */
	};
	rootObject = 715F5018152B4238007B6048 /* Project object */;
}
